
Microsoft Visual Studio Solution File, Format Version 12.00
# Visual Studio Version 17
VisualStudioVersion = 17.10.35027.167
MinimumVisualStudioVersion = 10.0.40219.1
Project("{8BC9CEB8-8B4A-11D0-8D11-00A0C91BC942}") = "cp77-dlss-enabler-bridge", "src\cp77-dlss-enabler-bridge.vcxproj", "{36A3159F-165F-4C62-A6FD-18CA38FDBD02}"
EndProject
Global
	GlobalSection(SolutionConfigurationPlatforms) = preSolution
		Debug|x64 = Debug|x64
		Release|x64 = Release|x64
	EndGlobalSection
	GlobalSection(ProjectConfigurationPlatforms) = postSolution
		{36A3159F-165F-4C62-A6FD-18CA38FDBD02}.Debug|x64.ActiveCfg = Debug|x64
		{36A3159F-165F-4C62-A6FD-18CA38FDBD02}.Debug|x64.Build.0 = Debug|x64
		{36A3159F-165F-4C62-A6FD-18CA38FDBD02}.Release|x64.ActiveCfg = Release|x64
		{36A3159F-165F-4C62-A6FD-18CA38FDBD02}.Release|x64.Build.0 = Release|x64
	EndGlobalSection
	GlobalSection(SolutionProperties) = preSolution
		HideSolutionNode = FALSE
	EndGlobalSection
	GlobalSection(ExtensibilityGlobals) = postSolution
		SolutionGuid = {30644987-E4B6-4A1C-BCC3-158907C59240}
	EndGlobalSection
EndGlobal
